
Microsoft Visual Studio Solution File, Format Version 12.00
# Visual Studio Version 17
VisualStudioVersion = 17.0.32112.339
MinimumVisualStudioVersion = 10.0.40219.1
Project("{FAE04EC0-301F-11D3-BF4B-00C04F79EFBC}") = "VerstkaBaryshev", "VerstkaBaryshev\VerstkaBaryshev.csproj", "{357FBD2F-D252-4AE8-8298-B7801A501BA4}"
EndProject
Global
	GlobalSection(SolutionConfigurationPlatforms) = preSolution
		Debug|Any CPU = Debug|Any CPU
		Release|Any CPU = Release|Any CPU
	EndGlobalSection
	GlobalSection(ProjectConfigurationPlatforms) = postSolution
		{357FBD2F-D252-4AE8-8298-B7801A501BA4}.Debug|Any CPU.ActiveCfg = Debug|Any CPU
		{357FBD2F-D252-4AE8-8298-B7801A501BA4}.Debug|Any CPU.Build.0 = Debug|Any CPU
		{357FBD2F-D252-4AE8-8298-B7801A501BA4}.Release|Any CPU.ActiveCfg = Release|Any CPU
		{357FBD2F-D252-4AE8-8298-B7801A501BA4}.Release|Any CPU.Build.0 = Release|Any CPU
	EndGlobalSection
	GlobalSection(SolutionProperties) = preSolution
		HideSolutionNode = FALSE
	EndGlobalSection
	GlobalSection(ExtensibilityGlobals) = postSolution
		SolutionGuid = {2C262CF6-6486-4117-808B-E002B89866C7}
	EndGlobalSection
EndGlobal
